
Microsoft Visual Studio Solution File, Format Version 12.00
# Visual Studio 14
VisualStudioVersion = 14.0.23107.0
MinimumVisualStudioVersion = 10.0.40219.1
Project("{FAE04EC0-301F-11D3-BF4B-00C04F79EFBC}") = "WebApplication1", "WebApplication1\WebApplication1.csproj", "{A1CBDEDB-4AF1-4FED-A412-AA777D91650D}"
EndProject
Project("{FAE04EC0-301F-11D3-BF4B-00C04F79EFBC}") = "MailClient", "MailClient\MailClient.csproj", "{0AA05336-8CBD-47DF-BCB4-FACC2B78035A}"
	ProjectSection(ProjectDependencies) = postProject
		{A1CBDEDB-4AF1-4FED-A412-AA777D91650D} = {A1CBDEDB-4AF1-4FED-A412-AA777D91650D}
	EndProjectSection
EndProject
Global
	GlobalSection(SolutionConfigurationPlatforms) = preSolution
		Debug|Any CPU = Debug|Any CPU
		Release|Any CPU = Release|Any CPU
	EndGlobalSection
	GlobalSection(ProjectConfigurationPlatforms) = postSolution
		{A1CBDEDB-4AF1-4FED-A412-AA777D91650D}.Debug|Any CPU.ActiveCfg = Debug|Any CPU
		{A1CBDEDB-4AF1-4FED-A412-AA777D91650D}.Debug|Any CPU.Build.0 = Debug|Any CPU
		{A1CBDEDB-4AF1-4FED-A412-AA777D91650D}.Release|Any CPU.ActiveCfg = Release|Any CPU
		{A1CBDEDB-4AF1-4FED-A412-AA777D91650D}.Release|Any CPU.Build.0 = Release|Any CPU
		{0AA05336-8CBD-47DF-BCB4-FACC2B78035A}.Debug|Any CPU.ActiveCfg = Debug|Any CPU
		{0AA05336-8CBD-47DF-BCB4-FACC2B78035A}.Debug|Any CPU.Build.0 = Debug|Any CPU
		{0AA05336-8CBD-47DF-BCB4-FACC2B78035A}.Release|Any CPU.ActiveCfg = Release|Any CPU
		{0AA05336-8CBD-47DF-BCB4-FACC2B78035A}.Release|Any CPU.Build.0 = Release|Any CPU
	EndGlobalSection
	GlobalSection(SolutionProperties) = preSolution
		HideSolutionNode = FALSE
	EndGlobalSection
EndGlobal
